github.com/Cooooing/cutil/common v0.0.0-20250824074555-20f028854994 h1:dwmlLmPSt8jH6d5S4bBf1xDuvWTlQK9SwwwlepgXNiU=
github.com/Cooooing/cutil/common v0.0.0-20250824074555-20f028854994/go.mod h1:XjKeEwKGyYMQ+9vBrfAs8M4el1K4m9Zq+Gm6zravxtc=
github.com/lib/pq v1.10.9 h1:YXG7RB+JIjhP29X+OtkiDnYaXQwpS4JEWq7dtCCRUEw=
github.com/lib/pq v1.10.9/go.mod h1:AlVN5x4E4T544tWzH6hKfbfQvm3HdbOxrmggDNAPY9o=
